<?xml version="1.0" encoding="utf-8"?>
<Project ToolsVersion="4.0" xmlns="http://schemas.microsoft.com/developer/msbuild/2003">
  <ItemGroup>
    <ClCompile Include="GameState_Play.c">
      <Filter>Source Files</Filter>
    </ClCompile>
    <ClCompile Include="GameStateMgr.c">
      <Filter>Source Files</Filter>
    </ClCompile>
    <ClCompile Include="LineSegment2D.c">
      <Filter>Source Files</Filter>
    </ClCompile>
    <ClCompile Include="main.c">
      <Filter>Source Files</Filter>
    </ClCompile>
    <ClCompile Include="Math2D.c">
      <Filter>Source Files</Filter>
    </ClCompile>
    <ClCompile Include="Matrix2D.c">
      <Filter>Source Files</Filter>
    </ClCompile>
    <ClCompile Include="Vector2D.c">
      <Filter>Source Files</Filter>
    </ClCompile>
  </ItemGroup>
  <ItemGroup>
    <ClInclude Include="GameState_Play.h">
      <Filter>Header Files</Filter>
    </ClInclude>
    <ClInclude Include="GameState_Platform.h">
      <Filter>Header Files</Filter>
    </ClInclude>
    <ClInclude Include="GameStateList.h">
      <Filter>Header Files</Filter>
    </ClInclude>
    <ClInclude Include="GameStateMgr.h">
      <Filter>Header Files</Filter>
    </ClInclude>
    <ClInclude Include="LineSegment2D.h">
      <Filter>Header Files</Filter>
    </ClInclude>
    <ClInclude Include="Math2D.h">
      <Filter>Header Files</Filter>
    </ClInclude>
    <ClInclude Include="Matrix2D.h">
      <Filter>Header Files</Filter>
    </ClInclude>
    <ClInclude Include="Vector2D.h">
      <Filter>Header Files</Filter>
    </ClInclude>
    <ClInclude Include="main.h">
      <Filter>Header Files</Filter>
    </ClInclude>
  </ItemGroup>
  <ItemGroup>
    <Filter Include="Header Files">
      <UniqueIdentifier>{ade46d93-15f6-4325-b016-6518fd10cf5b}</UniqueIdentifier>
    </Filter>
    <Filter Include="Source Files">
      <UniqueIdentifier>{0b5cc3ec-3873-49be-8912-7489b58979c2}</UniqueIdentifier>
    </Filter>
  </ItemGroup>
  <ItemGroup>
    <None Include="CS529 Project 3.pdf" />
    <None Include="Lecture 9 - Normal Line Equation - Animated Point To Line.pdf" />
    <None Include="Lecture 10 - Reflection - Animated Circle vs Line Segment.pdf" />
    <None Include="Lecture 11 - Animated Circle to Static Circle.pdf" />
  </ItemGroup>
</Project>